
Microsoft Visual Studio Solution File, Format Version 12.00
# Visual Studio Version 17
VisualStudioVersion = 17.7.34221.43
MinimumVisualStudioVersion = 10.0.40219.1
Project("{FAE04EC0-301F-11D3-BF4B-00C04F79EFBC}") = "BlazorLab", "BlazorLab\BlazorLab.csproj", "{183DEFF9-D1C5-4D62-9ED4-BF7294FF67D9}"
EndProject
Global
	GlobalSection(SolutionConfigurationPlatforms) = preSolution
		Debug|Any CPU = Debug|Any CPU
		Release|Any CPU = Release|Any CPU
	EndGlobalSection
	GlobalSection(ProjectConfigurationPlatforms) = postSolution
		{183DEFF9-D1C5-4D62-9ED4-BF7294FF67D9}.Debug|Any CPU.ActiveCfg = Debug|Any CPU
		{183DEFF9-D1C5-4D62-9ED4-BF7294FF67D9}.Debug|Any CPU.Build.0 = Debug|Any CPU
		{183DEFF9-D1C5-4D62-9ED4-BF7294FF67D9}.Release|Any CPU.ActiveCfg = Release|Any CPU
		{183DEFF9-D1C5-4D62-9ED4-BF7294FF67D9}.Release|Any CPU.Build.0 = Release|Any CPU
	EndGlobalSection
	GlobalSection(SolutionProperties) = preSolution
		HideSolutionNode = FALSE
	EndGlobalSection
	GlobalSection(ExtensibilityGlobals) = postSolution
		SolutionGuid = {12706CD9-0545-4C59-961F-45D830C79F80}
	EndGlobalSection
EndGlobal
